<?xml version="1.0" encoding="utf-8"?>
<Project ToolsVersion="4.0" xmlns="http://schemas.microsoft.com/developer/msbuild/2003">
  <ItemGroup>
    <Filter Include="Source">
      <UniqueIdentifier>{616a3bb7-7ebd-47f2-8123-e54cc817b437}</UniqueIdentifier>
    </Filter>
    <Filter Include="Source\Scenes">
      <UniqueIdentifier>{a9906fb0-1f9e-4a25-a220-4b9cb947f8b3}</UniqueIdentifier>
    </Filter>
    <Filter Include="Resources">
      <UniqueIdentifier>{0b45401b-d595-4e8b-a50f-c5a6f909e217}</UniqueIdentifier>
    </Filter>
  </ItemGroup>
  <ItemGroup>
    <ClCompile Include="..\Source\Sandbox\main.cpp">
      <Filter>Source</Filter>
    </ClCompile>
    <ClCompile Include="..\Source\Sandbox\Scenes\SceneGame.cpp">
      <Filter>Source\Scenes</Filter>
    </ClCompile>
    <ClCompile Include="..\Source\Sandbox\Scenes\SceneTitle.cpp">
      <Filter>Source\Scenes</Filter>
    </ClCompile>
    <ClCompile Include="..\Source\Engine\pch.cpp">
      <Filter>Source</Filter>
    </ClCompile>
  </ItemGroup>
  <ItemGroup>
    <ClInclude Include="..\Source\Sandbox\main.h">
      <Filter>Source</Filter>
    </ClInclude>
    <ClInclude Include="..\Source\Sandbox\Scenes\SceneGame.h">
      <Filter>Source\Scenes</Filter>
    </ClInclude>
    <ClInclude Include="..\Source\Sandbox\Scenes\SceneTitle.h">
      <Filter>Source\Scenes</Filter>
    </ClInclude>
  </ItemGroup>
  <ItemGroup>
    <None Include="..\Resources\Game\resources.json">
      <Filter>Resources</Filter>
    </None>
  </ItemGroup>
</Project>