<?xml version="1.0" encoding="utf-8"?>
<Project ToolsVersion="4.0" xmlns="http://schemas.microsoft.com/developer/msbuild/2003">
  <ItemGroup>
    <Filter Include="Library">
      <UniqueIdentifier>{0b00269c-d66b-4513-bbee-2bfe86123527}</UniqueIdentifier>
    </Filter>
    <Filter Include="Source">
      <UniqueIdentifier>{370486db-fab7-4741-a89b-7be6f958de11}</UniqueIdentifier>
    </Filter>
    <Filter Include="Source\Editor">
      <UniqueIdentifier>{38d92708-6605-4a6d-8edd-bebab77ee9ed}</UniqueIdentifier>
    </Filter>
    <Filter Include="Source\Engine">
      <UniqueIdentifier>{a2fcf305-0919-411b-a8af-4d36fb391193}</UniqueIdentifier>
    </Filter>
    <Filter Include="Source\Editor\Core">
      <UniqueIdentifier>{2aa7c316-c9ed-4454-b45a-198ee53fc896}</UniqueIdentifier>
    </Filter>
    <Filter Include="Source\Editor\Panels">
      <UniqueIdentifier>{78b878df-b99b-4286-b024-f3a84cdd7848}</UniqueIdentifier>
    </Filter>
    <Filter Include="Source\Editor\Tools">
      <UniqueIdentifier>{e0e94256-f129-4653-831c-25d02ed4399f}</UniqueIdentifier>
    </Filter>
    <Filter Include="Source\Editor\Windows">
      <UniqueIdentifier>{29dc7da2-7bb6-4247-a3b3-884c1eb44b61}</UniqueIdentifier>
    </Filter>
    <Filter Include="Source\Engine\Audio">
      <UniqueIdentifier>{2cc18db6-03b6-4311-8261-73f4ff8e3c51}</UniqueIdentifier>
    </Filter>
    <Filter Include="Source\Engine\Core">
      <UniqueIdentifier>{16d78f7d-8d88-4549-bf88-8b7c7bf66b5f}</UniqueIdentifier>
    </Filter>
    <Filter Include="Source\Engine\Physics">
      <UniqueIdentifier>{e0a652dc-c034-4be7-9aca-138c910a431f}</UniqueIdentifier>
    </Filter>
    <Filter Include="Source\Engine\Renderer">
      <UniqueIdentifier>{be609034-165b-4fa9-b0be-81c8e2dbdc1f}</UniqueIdentifier>
    </Filter>
    <Filter Include="Source\Engine\Resource">
      <UniqueIdentifier>{8cff3c4e-b7b5-4ff1-b38b-7f9e9c00b1b8}</UniqueIdentifier>
    </Filter>
    <Filter Include="Source\Engine\Scene">
      <UniqueIdentifier>{e0709f29-7ccf-4d11-aa22-e74a131e1676}</UniqueIdentifier>
    </Filter>
    <Filter Include="Source\Engine\Systems">
      <UniqueIdentifier>{1f730aa7-3f29-4895-9801-08d3d76a773f}</UniqueIdentifier>
    </Filter>
    <Filter Include="Source\Engine\Scene\Components">
      <UniqueIdentifier>{4c119b58-09c3-49e5-9309-3021b4ea7568}</UniqueIdentifier>
    </Filter>
    <Filter Include="Source\Engine\Scene\ECS">
      <UniqueIdentifier>{fc97e285-2452-41a9-81c5-c5db8457f30e}</UniqueIdentifier>
    </Filter>
    <Filter Include="Source\Engine\Renderer\Renderers">
      <UniqueIdentifier>{6b15aa1d-209f-4d3f-b79c-58d202dde461}</UniqueIdentifier>
    </Filter>
    <Filter Include="Source\Engine\Renderer\Text">
      <UniqueIdentifier>{f922e9e2-cbca-44aa-b13c-10b099bcf510}</UniqueIdentifier>
    </Filter>
    <Filter Include="Source\Engine\Renderer\Core">
      <UniqueIdentifier>{5f7b0680-183e-46c7-a42b-f39bc914682a}</UniqueIdentifier>
    </Filter>
    <Filter Include="Source\Engine\Systems\Audio">
      <UniqueIdentifier>{97e03841-12ce-4527-a2e2-c8442e4a9cac}</UniqueIdentifier>
    </Filter>
    <Filter Include="Source\Engine\Systems\Logic">
      <UniqueIdentifier>{dfb9fe1a-17e3-4511-b598-2f52b4b254c3}</UniqueIdentifier>
    </Filter>
    <Filter Include="Source\Engine\Systems\Graphics">
      <UniqueIdentifier>{eb95032a-38d7-42bf-8425-d83605855f22}</UniqueIdentifier>
    </Filter>
    <Filter Include="Source\Engine\Systems\Physics">
      <UniqueIdentifier>{1e146fb6-49b0-4ea7-a17b-0029ae2b1fcd}</UniqueIdentifier>
    </Filter>
    <Filter Include="Library\ImGui">
      <UniqueIdentifier>{d69de4bd-7c40-42bf-af97-4208f49aeb61}</UniqueIdentifier>
    </Filter>
    <Filter Include="Library\nlohmann">
      <UniqueIdentifier>{6e355443-3ca4-4e7a-8bf4-91d07ca0cf5d}</UniqueIdentifier>
    </Filter>
    <Filter Include="Library\DirectXTex">
      <UniqueIdentifier>{cb869771-5322-4066-8477-87cec07827f8}</UniqueIdentifier>
    </Filter>
    <Filter Include="Resources">
      <UniqueIdentifier>{0e55fee7-153f-4fd8-b6bb-7a07bd7de050}</UniqueIdentifier>
    </Filter>
    <Filter Include="Resources\Shaders">
      <UniqueIdentifier>{91f3bfef-8122-45cd-89dc-c0038cd1ad39}</UniqueIdentifier>
    </Filter>
    <Filter Include="Resources\DebugMeshes">
      <UniqueIdentifier>{c9611005-b6ac-4fec-9c7e-5437819840da}</UniqueIdentifier>
    </Filter>
  </ItemGroup>
  <ItemGroup>
    <ClCompile Include="..\Source\Editor\Core\Editor.cpp">
      <Filter>Source\Editor\Core</Filter>
    </ClCompile>
    <ClCompile Include="..\Source\Engine\Audio\AudioManager.cpp">
      <Filter>Source\Engine\Audio</Filter>
    </ClCompile>
    <ClCompile Include="..\Source\Engine\Core\Application.cpp">
      <Filter>Source\Engine\Core</Filter>
    </ClCompile>
    <ClCompile Include="..\Source\Engine\Core\Input.cpp">
      <Filter>Source\Engine\Core</Filter>
    </ClCompile>
    <ClCompile Include="..\Source\Engine\Renderer\Core\RenderTarget.cpp">
      <Filter>Source\Engine\Renderer\Core</Filter>
    </ClCompile>
    <ClCompile Include="..\Source\Engine\Renderer\Renderers\BillboardRenderer.cpp">
      <Filter>Source\Engine\Renderer\Renderers</Filter>
    </ClCompile>
    <ClCompile Include="..\Source\Engine\Renderer\Renderers\ModelRenderer.cpp">
      <Filter>Source\Engine\Renderer\Renderers</Filter>
    </ClCompile>
    <ClCompile Include="..\Source\Engine\Renderer\Renderers\PrimitiveRenderer.cpp">
      <Filter>Source\Engine\Renderer\Renderers</Filter>
    </ClCompile>
    <ClCompile Include="..\Source\Engine\Renderer\Renderers\SpriteRenderer.cpp">
      <Filter>Source\Engine\Renderer\Renderers</Filter>
    </ClCompile>
    <ClCompile Include="..\Source\Engine\Renderer\Text\FontManager.cpp">
      <Filter>Source\Engine\Renderer\Text</Filter>
    </ClCompile>
    <ClCompile Include="..\Source\Engine\Renderer\Text\TextRenderer.cpp">
      <Filter>Source\Engine\Renderer\Text</Filter>
    </ClCompile>
    <ClCompile Include="..\Source\Engine\Resource\ResourceManager.cpp">
      <Filter>Source\Engine\Resource</Filter>
    </ClCompile>
    <ClCompile Include="..\Source\Engine\Scene\SceneManager.cpp">
      <Filter>Source\Engine\Scene</Filter>
    </ClCompile>
    <ClCompile Include="..\Source\Engine\Systems\Graphics\RenderSystem.cpp">
      <Filter>Source\Engine\Systems\Graphics</Filter>
    </ClCompile>
    <ClCompile Include="..\Source\Engine\Systems\Physics\CollisionSystem.cpp">
      <Filter>Source\Engine\Systems\Physics</Filter>
    </ClCompile>
    <ClCompile Include="..\Source\Engine\Systems\Physics\PhysicsSystem.cpp">
      <Filter>Source\Engine\Systems\Physics</Filter>
    </ClCompile>
    <ClCompile Include="..\Source\Engine\pch.cpp">
      <Filter>Source\Engine</Filter>
    </ClCompile>
    <ClCompile Include="..\Library\ImGui\imgui.cpp">
      <Filter>Library\ImGui</Filter>
    </ClCompile>
    <ClCompile Include="..\Library\ImGui\ImGuizmo.cpp">
      <Filter>Library\ImGui</Filter>
    </ClCompile>
    <ClCompile Include="..\Library\ImGui\imgui_demo.cpp">
      <Filter>Library\ImGui</Filter>
    </ClCompile>
    <ClCompile Include="..\Library\ImGui\imgui_draw.cpp">
      <Filter>Library\ImGui</Filter>
    </ClCompile>
    <ClCompile Include="..\Library\ImGui\imgui_impl_dx11.cpp">
      <Filter>Library\ImGui</Filter>
    </ClCompile>
    <ClCompile Include="..\Library\ImGui\imgui_impl_win32.cpp">
      <Filter>Library\ImGui</Filter>
    </ClCompile>
    <ClCompile Include="..\Library\ImGui\imgui_tables.cpp">
      <Filter>Library\ImGui</Filter>
    </ClCompile>
    <ClCompile Include="..\Library\ImGui\imgui_widgets.cpp">
      <Filter>Library\ImGui</Filter>
    </ClCompile>
    <ClCompile Include="..\Source\Editor\Panels\ContentBrowser.cpp">
      <Filter>Source\Editor\Panels</Filter>
    </ClCompile>
  </ItemGroup>
  <ItemGroup>
    <ClInclude Include="..\Source\Editor\Core\Editor.h">
      <Filter>Source\Editor\Core</Filter>
    </ClInclude>
    <ClInclude Include="..\Source\Editor\Core\GameCommands.h">
      <Filter>Source\Editor\Core</Filter>
    </ClInclude>
    <ClInclude Include="..\Source\Editor\Core\InspectorGui.h">
      <Filter>Source\Editor\Core</Filter>
    </ClInclude>
    <ClInclude Include="..\Source\Editor\Tools\GizmoSystem.h">
      <Filter>Source\Editor\Tools</Filter>
    </ClInclude>
    <ClInclude Include="..\Source\Editor\Tools\ThumbnailGenerator.h">
      <Filter>Source\Editor\Tools</Filter>
    </ClInclude>
    <ClInclude Include="..\Source\Engine\Audio\AudioManager.h">
      <Filter>Source\Engine\Audio</Filter>
    </ClInclude>
    <ClInclude Include="..\Source\Engine\Audio\Sound.h">
      <Filter>Source\Engine\Audio</Filter>
    </ClInclude>
    <ClInclude Include="..\Source\Engine\Core\Application.h">
      <Filter>Source\Engine\Core</Filter>
    </ClInclude>
    <ClInclude Include="..\Source\Engine\Core\Context.h">
      <Filter>Source\Engine\Core</Filter>
    </ClInclude>
    <ClInclude Include="..\Source\Engine\Core\Input.h">
      <Filter>Source\Engine\Core</Filter>
    </ClInclude>
    <ClInclude Include="..\Source\Engine\Core\Logger.h">
      <Filter>Source\Engine\Core</Filter>
    </ClInclude>
    <ClInclude Include="..\Source\Engine\Core\Reflection.h">
      <Filter>Source\Engine\Core</Filter>
    </ClInclude>
    <ClInclude Include="..\Source\Engine\Core\StringId.h">
      <Filter>Source\Engine\Core</Filter>
    </ClInclude>
    <ClInclude Include="..\Source\Engine\Core\Time.h">
      <Filter>Source\Engine\Core</Filter>
    </ClInclude>
    <ClInclude Include="..\Source\Engine\Renderer\Core\Model.h">
      <Filter>Source\Engine\Renderer\Core</Filter>
    </ClInclude>
    <ClInclude Include="..\Source\Engine\Renderer\Core\RenderTarget.h">
      <Filter>Source\Engine\Renderer\Core</Filter>
    </ClInclude>
    <ClInclude Include="..\Source\Engine\Renderer\Core\Texture.h">
      <Filter>Source\Engine\Renderer\Core</Filter>
    </ClInclude>
    <ClInclude Include="..\Source\Engine\Renderer\Renderers\BillboardRenderer.h">
      <Filter>Source\Engine\Renderer\Renderers</Filter>
    </ClInclude>
    <ClInclude Include="..\Source\Engine\Renderer\Renderers\ModelRenderer.h">
      <Filter>Source\Engine\Renderer\Renderers</Filter>
    </ClInclude>
    <ClInclude Include="..\Source\Engine\Renderer\Renderers\PrimitiveRenderer.h">
      <Filter>Source\Engine\Renderer\Renderers</Filter>
    </ClInclude>
    <ClInclude Include="..\Source\Engine\Renderer\Renderers\SpriteRenderer.h">
      <Filter>Source\Engine\Renderer\Renderers</Filter>
    </ClInclude>
    <ClInclude Include="..\Source\Engine\Renderer\Text\FontManager.h">
      <Filter>Source\Engine\Renderer\Text</Filter>
    </ClInclude>
    <ClInclude Include="..\Source\Engine\Renderer\Text\PrivateFontLoader.h">
      <Filter>Source\Engine\Renderer\Text</Filter>
    </ClInclude>
    <ClInclude Include="..\Source\Engine\Renderer\Text\TextRenderer.h">
      <Filter>Source\Engine\Renderer\Text</Filter>
    </ClInclude>
    <ClInclude Include="..\Source\Engine\Resource\Prefab.h">
      <Filter>Source\Engine\Resource</Filter>
    </ClInclude>
    <ClInclude Include="..\Source\Engine\Resource\ResourceManager.h">
      <Filter>Source\Engine\Resource</Filter>
    </ClInclude>
    <ClInclude Include="..\Source\Engine\Scene\Components\Components.h">
      <Filter>Source\Engine\Scene\Components</Filter>
    </ClInclude>
    <ClInclude Include="..\Source\Engine\Scene\ECS\ECS.h">
      <Filter>Source\Engine\Scene\ECS</Filter>
    </ClInclude>
    <ClInclude Include="..\Source\Engine\Scene\ECS\EntityDef.h">
      <Filter>Source\Engine\Scene\ECS</Filter>
    </ClInclude>
    <ClInclude Include="..\Source\Engine\Scene\SceneManager.h">
      <Filter>Source\Engine\Scene</Filter>
    </ClInclude>
    <ClInclude Include="..\Source\Engine\Systems\Audio\AudioSystem.h">
      <Filter>Source\Engine\Systems\Audio</Filter>
    </ClInclude>
    <ClInclude Include="..\Source\Engine\Systems\Graphics\BillboardSystem.h">
      <Filter>Source\Engine\Systems\Graphics</Filter>
    </ClInclude>
    <ClInclude Include="..\Source\Engine\Systems\Graphics\ModelRenderSystem.h">
      <Filter>Source\Engine\Systems\Graphics</Filter>
    </ClInclude>
    <ClInclude Include="..\Source\Engine\Systems\Graphics\RenderSystem.h">
      <Filter>Source\Engine\Systems\Graphics</Filter>
    </ClInclude>
    <ClInclude Include="..\Source\Engine\Systems\Graphics\SpriteRenderSystem.h">
      <Filter>Source\Engine\Systems\Graphics</Filter>
    </ClInclude>
    <ClInclude Include="..\Source\Engine\Systems\Graphics\TextRenderSystem.h">
      <Filter>Source\Engine\Systems\Graphics</Filter>
    </ClInclude>
    <ClInclude Include="..\Source\Engine\Systems\Logic\HierarchySystem.h">
      <Filter>Source\Engine\Systems\Logic</Filter>
    </ClInclude>
    <ClInclude Include="..\Source\Engine\Systems\Logic\InputSystem.h">
      <Filter>Source\Engine\Systems\Logic</Filter>
    </ClInclude>
    <ClInclude Include="..\Source\Engine\Systems\Logic\LifetimeSystem.h">
      <Filter>Source\Engine\Systems\Logic</Filter>
    </ClInclude>
    <ClInclude Include="..\Source\Engine\Systems\Logic\UISystem.h">
      <Filter>Source\Engine\Systems\Logic</Filter>
    </ClInclude>
    <ClInclude Include="..\Source\Engine\Systems\Physics\CollisionSystem.h">
      <Filter>Source\Engine\Systems\Physics</Filter>
    </ClInclude>
    <ClInclude Include="..\Source\Engine\Systems\Physics\PhysicsSystem.h">
      <Filter>Source\Engine\Systems\Physics</Filter>
    </ClInclude>
    <ClInclude Include="..\Source\Engine\Config.h">
      <Filter>Source\Engine</Filter>
    </ClInclude>
    <ClInclude Include="..\Source\Engine\pch.h">
      <Filter>Source\Engine</Filter>
    </ClInclude>
    <ClInclude Include="..\Library\ImGui\imconfig.h">
      <Filter>Library\ImGui</Filter>
    </ClInclude>
    <ClInclude Include="..\Library\ImGui\imgui.h">
      <Filter>Library\ImGui</Filter>
    </ClInclude>
    <ClInclude Include="..\Library\ImGui\ImGuizmo.h">
      <Filter>Library\ImGui</Filter>
    </ClInclude>
    <ClInclude Include="..\Library\ImGui\imgui_impl_dx11.h">
      <Filter>Library\ImGui</Filter>
    </ClInclude>
    <ClInclude Include="..\Library\ImGui\imgui_impl_win32.h">
      <Filter>Library\ImGui</Filter>
    </ClInclude>
    <ClInclude Include="..\Library\ImGui\imgui_internal.h">
      <Filter>Library\ImGui</Filter>
    </ClInclude>
    <ClInclude Include="..\Library\ImGui\imstb_rectpack.h">
      <Filter>Library\ImGui</Filter>
    </ClInclude>
    <ClInclude Include="..\Library\ImGui\imstb_textedit.h">
      <Filter>Library\ImGui</Filter>
    </ClInclude>
    <ClInclude Include="..\Library\ImGui\imstb_truetype.h">
      <Filter>Library\ImGui</Filter>
    </ClInclude>
    <ClInclude Include="..\Library\nlohmann\json.hpp">
      <Filter>Library\nlohmann</Filter>
    </ClInclude>
    <ClInclude Include="..\Library\DirectXTex\DirectXTex.h">
      <Filter>Library\DirectXTex</Filter>
    </ClInclude>
    <ClInclude Include="..\Source\Editor\Panels\ContentBrowser.h">
      <Filter>Source\Editor\Panels</Filter>
    </ClInclude>
    <ClInclude Include="..\Source\Editor\Windows\HierarchyWindow.h">
      <Filter>Source\Editor\Windows</Filter>
    </ClInclude>
    <ClInclude Include="..\Source\Editor\Windows\InspectorWindow.h">
      <Filter>Source\Editor\Windows</Filter>
    </ClInclude>
    <ClInclude Include="..\Source\Editor\Windows\SystemWindow.h">
      <Filter>Source\Editor\Windows</Filter>
    </ClInclude>
  </ItemGroup>
  <ItemGroup>
    <None Include="..\Source\Engine\Scene\Serializer">
      <Filter>Source\Engine\Scene</Filter>
    </None>
    <None Include="..\Library\DirectXTex\DirectXTex.inl">
      <Filter>Library\DirectXTex</Filter>
    </None>
    <None Include="..\Resources\Engine\Shaders\Billboard.hlsl">
      <Filter>Resources\Shaders</Filter>
    </None>
    <None Include="..\Resources\Engine\Shaders\DebugPrimitive.hlsl">
      <Filter>Resources\Shaders</Filter>
    </None>
    <None Include="..\Resources\Engine\Shaders\Sprite.hlsl">
      <Filter>Resources\Shaders</Filter>
    </None>
    <None Include="..\Resources\Engine\Shaders\Standard.hlsl">
      <Filter>Resources\Shaders</Filter>
    </None>
  </ItemGroup>
</Project>